
Microsoft Visual Studio Solution File, Format Version 12.00
# Visual Studio Version 16
VisualStudioVersion = 16.0.33027.164
MinimumVisualStudioVersion = 10.0.40219.1
Project("{FAE04EC0-301F-11D3-BF4B-00C04F79EFBC}") = "AutoWrapLabel", "src\AutoWrapLabel\AutoWrapLabel.csproj", "{15312500-5CEA-448C-A5AE-854CC9733212}"
EndProject
Project("{FAE04EC0-301F-11D3-BF4B-00C04F79EFBC}") = "TestPanel", "src\TestPanel\TestPanel.csproj", "{5BEC771E-0074-493E-90BB-F716B3B9885A}"
EndProject
Global
	GlobalSection(SolutionConfigurationPlatforms) = preSolution
		Debug|Any CPU = Debug|Any CPU
		Release|Any CPU = Release|Any CPU
	EndGlobalSection
	GlobalSection(ProjectConfigurationPlatforms) = postSolution
		{15312500-5CEA-448C-A5AE-854CC9733212}.Debug|Any CPU.ActiveCfg = Debug|Any CPU
		{15312500-5CEA-448C-A5AE-854CC9733212}.Debug|Any CPU.Build.0 = Debug|Any CPU
		{15312500-5CEA-448C-A5AE-854CC9733212}.Release|Any CPU.ActiveCfg = Release|Any CPU
		{15312500-5CEA-448C-A5AE-854CC9733212}.Release|Any CPU.Build.0 = Release|Any CPU
		{5BEC771E-0074-493E-90BB-F716B3B9885A}.Debug|Any CPU.ActiveCfg = Debug|Any CPU
		{5BEC771E-0074-493E-90BB-F716B3B9885A}.Debug|Any CPU.Build.0 = Debug|Any CPU
		{5BEC771E-0074-493E-90BB-F716B3B9885A}.Release|Any CPU.ActiveCfg = Release|Any CPU
		{5BEC771E-0074-493E-90BB-F716B3B9885A}.Release|Any CPU.Build.0 = Release|Any CPU
	EndGlobalSection
	GlobalSection(SolutionProperties) = preSolution
		HideSolutionNode = FALSE
	EndGlobalSection
	GlobalSection(ExtensibilityGlobals) = postSolution
		SolutionGuid = {376D573B-5757-4CBC-9CFF-6FAC47B45C6A}
	EndGlobalSection
EndGlobal
